
Microsoft Visual Studio Solution File, Format Version 12.00
# Visual Studio Version 16
VisualStudioVersion = 16.0.29806.167
MinimumVisualStudioVersion = 10.0.40219.1
Project("{8BC9CEB8-8B4A-11D0-8D11-00A0C91BC942}") = "BOJ_1054_KLOPKA", "BOJ_1054_KLOPKA\BOJ_1054_KLOPKA.vcxproj", "{D851B46B-7A49-44F1-B7FD-C6F02063CA47}"
EndProject
Global
	GlobalSection(SolutionConfigurationPlatforms) = preSolution
		Debug|x64 = Debug|x64
		Debug|x86 = Debug|x86
		Release|x64 = Release|x64
		Release|x86 = Release|x86
	EndGlobalSection
	GlobalSection(ProjectConfigurationPlatforms) = postSolution
		{D851B46B-7A49-44F1-B7FD-C6F02063CA47}.Debug|x64.ActiveCfg = Debug|x64
		{D851B46B-7A49-44F1-B7FD-C6F02063CA47}.Debug|x64.Build.0 = Debug|x64
		{D851B46B-7A49-44F1-B7FD-C6F02063CA47}.Debug|x86.ActiveCfg = Debug|Win32
		{D851B46B-7A49-44F1-B7FD-C6F02063CA47}.Debug|x86.Build.0 = Debug|Win32
		{D851B46B-7A49-44F1-B7FD-C6F02063CA47}.Release|x64.ActiveCfg = Release|x64
		{D851B46B-7A49-44F1-B7FD-C6F02063CA47}.Release|x64.Build.0 = Release|x64
		{D851B46B-7A49-44F1-B7FD-C6F02063CA47}.Release|x86.ActiveCfg = Release|Win32
		{D851B46B-7A49-44F1-B7FD-C6F02063CA47}.Release|x86.Build.0 = Release|Win32
	EndGlobalSection
	GlobalSection(SolutionProperties) = preSolution
		HideSolutionNode = FALSE
	EndGlobalSection
	GlobalSection(ExtensibilityGlobals) = postSolution
		SolutionGuid = {D849E503-8DE1-4EC2-A1EB-AA6941AB91D9}
	EndGlobalSection
EndGlobal
